{
  "pins" : [
    {
      "identity" : "cpp_utils",
      "kind" : "remoteSourceControl",
      "location" : "https://github.com/objective-audio/cpp_utils.git",
      "state" : {
        "branch" : "master",
        "revision" : "c2f6c6bcec5aba954ddd6145351545da008bc3cb"
      }
    }
  ],
  "version" : 2
}
