// !$*UTF8*$!
{
	archiveVersion = 1;
	classes = {
	};
	objectVersion = 50;
	objects = {

/* Begin PBXBuildFile section */
		B69346E225EB704C00B40CA7 /* observing.h in Headers */ = {isa = PBXBuildFile; fileRef = B69346E025EB704C00B40CA7 /* observing.h */; settings = {ATTRIBUTES = (Public, ); }; };
		B693472125EB711500B40CA7 /* yas_observing_canceller.h in Headers */ = {isa = PBXBuildFile; fileRef = B693470F25EB711500B40CA7 /* yas_observing_canceller.h */; settings = {ATTRIBUTES = (Public, ); }; };
		B693472225EB711500B40CA7 /* yas_observing_caller.h in Headers */ = {isa = PBXBuildFile; fileRef = B693471025EB711500B40CA7 /* yas_observing_caller.h */; settings = {ATTRIBUTES = (Public, ); }; };
		B693472325EB711500B40CA7 /* yas_observing_map_holder_private.h in Headers */ = {isa = PBXBuildFile; fileRef = B693471125EB711500B40CA7 /* yas_observing_map_holder_private.h */; settings = {ATTRIBUTES = (Public, ); }; };
		B693472425EB711500B40CA7 /* yas_observing_canceller.cpp in Sources */ = {isa = PBXBuildFile; fileRef = B693471225EB711500B40CA7 /* yas_observing_canceller.cpp */; };
		B693472525EB711500B40CA7 /* yas_observing_value_holder.h in Headers */ = {isa = PBXBuildFile; fileRef = B693471325EB711500B40CA7 /* yas_observing_value_holder.h */; settings = {ATTRIBUTES = (Public, ); }; };
		B693472625EB711500B40CA7 /* yas_observing_caller_private.h in Headers */ = {isa = PBXBuildFile; fileRef = B693471425EB711500B40CA7 /* yas_observing_caller_private.h */; settings = {ATTRIBUTES = (Public, ); }; };
		B693472725EB711500B40CA7 /* yas_observing_vector_holder.h in Headers */ = {isa = PBXBuildFile; fileRef = B693471525EB711500B40CA7 /* yas_observing_vector_holder.h */; settings = {ATTRIBUTES = (Public, ); }; };
		B693472825EB711500B40CA7 /* yas_observing_notifier.h in Headers */ = {isa = PBXBuildFile; fileRef = B693471625EB711500B40CA7 /* yas_observing_notifier.h */; settings = {ATTRIBUTES = (Public, ); }; };
		B693472925EB711500B40CA7 /* yas_observing_value_holder_private.h in Headers */ = {isa = PBXBuildFile; fileRef = B693471725EB711500B40CA7 /* yas_observing_value_holder_private.h */; settings = {ATTRIBUTES = (Public, ); }; };
		B693472A25EB711500B40CA7 /* yas_observing_fetcher_private.h in Headers */ = {isa = PBXBuildFile; fileRef = B693471825EB711500B40CA7 /* yas_observing_fetcher_private.h */; settings = {ATTRIBUTES = (Public, ); }; };
		B693472B25EB711500B40CA7 /* yas_observing_canceller_pool.h in Headers */ = {isa = PBXBuildFile; fileRef = B693471925EB711500B40CA7 /* yas_observing_canceller_pool.h */; settings = {ATTRIBUTES = (Public, ); }; };
		B693472C25EB711500B40CA7 /* yas_observing_umbrella.hpp in Headers */ = {isa = PBXBuildFile; fileRef = B693471A25EB711500B40CA7 /* yas_observing_umbrella.hpp */; settings = {ATTRIBUTES = (Public, ); }; };
		B693472D25EB711500B40CA7 /* yas_observing_cancellable.h in Headers */ = {isa = PBXBuildFile; fileRef = B693471B25EB711500B40CA7 /* yas_observing_cancellable.h */; settings = {ATTRIBUTES = (Public, ); }; };
		B693472E25EB711500B40CA7 /* yas_observing_map_holder.h in Headers */ = {isa = PBXBuildFile; fileRef = B693471C25EB711500B40CA7 /* yas_observing_map_holder.h */; settings = {ATTRIBUTES = (Public, ); }; };
		B693472F25EB711500B40CA7 /* yas_observing_canceller_pool.cpp in Sources */ = {isa = PBXBuildFile; fileRef = B693471D25EB711500B40CA7 /* yas_observing_canceller_pool.cpp */; };
		B693473025EB711500B40CA7 /* yas_observing_fetcher.h in Headers */ = {isa = PBXBuildFile; fileRef = B693471E25EB711500B40CA7 /* yas_observing_fetcher.h */; settings = {ATTRIBUTES = (Public, ); }; };
		B693473125EB711500B40CA7 /* yas_observing_vector_holder_private.h in Headers */ = {isa = PBXBuildFile; fileRef = B693471F25EB711500B40CA7 /* yas_observing_vector_holder_private.h */; settings = {ATTRIBUTES = (Public, ); }; };
		B693473225EB711500B40CA7 /* yas_observing_notifier_private.h in Headers */ = {isa = PBXBuildFile; fileRef = B693472025EB711500B40CA7 /* yas_observing_notifier_private.h */; settings = {ATTRIBUTES = (Public, ); }; };
		B6BB655B2610845B003FB755 /* yas_observing_syncable.cpp in Sources */ = {isa = PBXBuildFile; fileRef = B6BB65592610845B003FB755 /* yas_observing_syncable.cpp */; };
		B6BB655C2610845B003FB755 /* yas_observing_syncable.h in Headers */ = {isa = PBXBuildFile; fileRef = B6BB655A2610845B003FB755 /* yas_observing_syncable.h */; settings = {ATTRIBUTES = (Public, ); }; };
		B6E139D8261879BE00E7B416 /* yas_observing_endable.cpp in Sources */ = {isa = PBXBuildFile; fileRef = B6E139D6261879BE00E7B416 /* yas_observing_endable.cpp */; };
		B6E139D9261879BE00E7B416 /* yas_observing_endable.h in Headers */ = {isa = PBXBuildFile; fileRef = B6E139D7261879BE00E7B416 /* yas_observing_endable.h */; settings = {ATTRIBUTES = (Public, ); }; };
		B6E93CB72AB584F100AD5C50 /* yas_observing_caller_index.hpp in Headers */ = {isa = PBXBuildFile; fileRef = B6E93CB52AB584F100AD5C50 /* yas_observing_caller_index.hpp */; settings = {ATTRIBUTES = (Public, ); }; };
		B6E93CB82AB584F100AD5C50 /* yas_observing_caller_index.cpp in Sources */ = {isa = PBXBuildFile; fileRef = B6E93CB62AB584F100AD5C50 /* yas_observing_caller_index.cpp */; };
		B6EF9C3326197CE2000FC8F2 /* cpp_utils.framework in Frameworks */ = {isa = PBXBuildFile; fileRef = B6EF9C3226197CE2000FC8F2 /* cpp_utils.framework */; };
/* End PBXBuildFile section */

/* Begin PBXFileReference section */
		B69346DD25EB704C00B40CA7 /* observing.framework */ = {isa = PBXFileReference; explicitFileType = wrapper.framework; includeInIndex = 0; path = observing.framework; sourceTree = BUILT_PRODUCTS_DIR; };
		B69346E025EB704C00B40CA7 /* observing.h */ = {isa = PBXFileReference; lastKnownFileType = sourcecode.c.h; path = observing.h; sourceTree = "<group>"; };
		B69346E125EB704C00B40CA7 /* Info.plist */ = {isa = PBXFileReference; lastKnownFileType = text.plist.xml; path = Info.plist; sourceTree = "<group>"; };
		B693470F25EB711500B40CA7 /* yas_observing_canceller.h */ = {isa = PBXFileReference; fileEncoding = 4; lastKnownFileType = sourcecode.c.h; path = yas_observing_canceller.h; sourceTree = "<group>"; };
		B693471025EB711500B40CA7 /* yas_observing_caller.h */ = {isa = PBXFileReference; fileEncoding = 4; lastKnownFileType = sourcecode.c.h; path = yas_observing_caller.h; sourceTree = "<group>"; };
		B693471125EB711500B40CA7 /* yas_observing_map_holder_private.h */ = {isa = PBXFileReference; fileEncoding = 4; lastKnownFileType = sourcecode.c.h; path = yas_observing_map_holder_private.h; sourceTree = "<group>"; };
		B693471225EB711500B40CA7 /* yas_observing_canceller.cpp */ = {isa = PBXFileReference; fileEncoding = 4; lastKnownFileType = sourcecode.cpp.cpp; path = yas_observing_canceller.cpp; sourceTree = "<group>"; };
		B693471325EB711500B40CA7 /* yas_observing_value_holder.h */ = {isa = PBXFileReference; fileEncoding = 4; lastKnownFileType = sourcecode.c.h; path = yas_observing_value_holder.h; sourceTree = "<group>"; };
		B693471425EB711500B40CA7 /* yas_observing_caller_private.h */ = {isa = PBXFileReference; fileEncoding = 4; lastKnownFileType = sourcecode.c.h; path = yas_observing_caller_private.h; sourceTree = "<group>"; };
		B693471525EB711500B40CA7 /* yas_observing_vector_holder.h */ = {isa = PBXFileReference; fileEncoding = 4; lastKnownFileType = sourcecode.c.h; path = yas_observing_vector_holder.h; sourceTree = "<group>"; };
		B693471625EB711500B40CA7 /* yas_observing_notifier.h */ = {isa = PBXFileReference; fileEncoding = 4; lastKnownFileType = sourcecode.c.h; path = yas_observing_notifier.h; sourceTree = "<group>"; };
		B693471725EB711500B40CA7 /* yas_observing_value_holder_private.h */ = {isa = PBXFileReference; fileEncoding = 4; lastKnownFileType = sourcecode.c.h; path = yas_observing_value_holder_private.h; sourceTree = "<group>"; };
		B693471825EB711500B40CA7 /* yas_observing_fetcher_private.h */ = {isa = PBXFileReference; fileEncoding = 4; lastKnownFileType = sourcecode.c.h; path = yas_observing_fetcher_private.h; sourceTree = "<group>"; };
		B693471925EB711500B40CA7 /* yas_observing_canceller_pool.h */ = {isa = PBXFileReference; fileEncoding = 4; lastKnownFileType = sourcecode.c.h; path = yas_observing_canceller_pool.h; sourceTree = "<group>"; };
		B693471A25EB711500B40CA7 /* yas_observing_umbrella.hpp */ = {isa = PBXFileReference; fileEncoding = 4; lastKnownFileType = sourcecode.cpp.h; path = yas_observing_umbrella.hpp; sourceTree = "<group>"; };
		B693471B25EB711500B40CA7 /* yas_observing_cancellable.h */ = {isa = PBXFileReference; fileEncoding = 4; lastKnownFileType = sourcecode.c.h; path = yas_observing_cancellable.h; sourceTree = "<group>"; };
		B693471C25EB711500B40CA7 /* yas_observing_map_holder.h */ = {isa = PBXFileReference; fileEncoding = 4; lastKnownFileType = sourcecode.c.h; path = yas_observing_map_holder.h; sourceTree = "<group>"; };
		B693471D25EB711500B40CA7 /* yas_observing_canceller_pool.cpp */ = {isa = PBXFileReference; fileEncoding = 4; lastKnownFileType = sourcecode.cpp.cpp; path = yas_observing_canceller_pool.cpp; sourceTree = "<group>"; };
		B693471E25EB711500B40CA7 /* yas_observing_fetcher.h */ = {isa = PBXFileReference; fileEncoding = 4; lastKnownFileType = sourcecode.c.h; path = yas_observing_fetcher.h; sourceTree = "<group>"; };
		B693471F25EB711500B40CA7 /* yas_observing_vector_holder_private.h */ = {isa = PBXFileReference; fileEncoding = 4; lastKnownFileType = sourcecode.c.h; path = yas_observing_vector_holder_private.h; sourceTree = "<group>"; };
		B693472025EB711500B40CA7 /* yas_observing_notifier_private.h */ = {isa = PBXFileReference; fileEncoding = 4; lastKnownFileType = sourcecode.c.h; path = yas_observing_notifier_private.h; sourceTree = "<group>"; };
		B6BB65592610845B003FB755 /* yas_observing_syncable.cpp */ = {isa = PBXFileReference; fileEncoding = 4; lastKnownFileType = sourcecode.cpp.cpp; path = yas_observing_syncable.cpp; sourceTree = "<group>"; };
		B6BB655A2610845B003FB755 /* yas_observing_syncable.h */ = {isa = PBXFileReference; fileEncoding = 4; lastKnownFileType = sourcecode.c.h; path = yas_observing_syncable.h; sourceTree = "<group>"; };
		B6E139D6261879BE00E7B416 /* yas_observing_endable.cpp */ = {isa = PBXFileReference; fileEncoding = 4; lastKnownFileType = sourcecode.cpp.cpp; path = yas_observing_endable.cpp; sourceTree = "<group>"; };
		B6E139D7261879BE00E7B416 /* yas_observing_endable.h */ = {isa = PBXFileReference; fileEncoding = 4; lastKnownFileType = sourcecode.c.h; path = yas_observing_endable.h; sourceTree = "<group>"; };
		B6E93CB52AB584F100AD5C50 /* yas_observing_caller_index.hpp */ = {isa = PBXFileReference; fileEncoding = 4; lastKnownFileType = sourcecode.cpp.h; path = yas_observing_caller_index.hpp; sourceTree = "<group>"; };
		B6E93CB62AB584F100AD5C50 /* yas_observing_caller_index.cpp */ = {isa = PBXFileReference; fileEncoding = 4; lastKnownFileType = sourcecode.cpp.cpp; path = yas_observing_caller_index.cpp; sourceTree = "<group>"; };
		B6EF9C3226197CE2000FC8F2 /* cpp_utils.framework */ = {isa = PBXFileReference; explicitFileType = wrapper.framework; path = cpp_utils.framework; sourceTree = BUILT_PRODUCTS_DIR; };
/* End PBXFileReference section */

/* Begin PBXFrameworksBuildPhase section */
		B69346DA25EB704C00B40CA7 /* Frameworks */ = {
			isa = PBXFrameworksBuildPhase;
			buildActionMask = 2147483647;
			files = (
				B6EF9C3326197CE2000FC8F2 /* cpp_utils.framework in Frameworks */,
			);
			runOnlyForDeploymentPostprocessing = 0;
		};
/* End PBXFrameworksBuildPhase section */

/* Begin PBXGroup section */
		B69346B325EB6B3100B40CA7 = {
			isa = PBXGroup;
			children = (
				B69346DF25EB704C00B40CA7 /* observing */,
				B69346DE25EB704C00B40CA7 /* Products */,
				B6EF9C3126197CE2000FC8F2 /* Frameworks */,
			);
			sourceTree = "<group>";
		};
		B69346DE25EB704C00B40CA7 /* Products */ = {
			isa = PBXGroup;
			children = (
				B69346DD25EB704C00B40CA7 /* observing.framework */,
			);
			name = Products;
			sourceTree = "<group>";
		};
		B69346DF25EB704C00B40CA7 /* observing */ = {
			isa = PBXGroup;
			children = (
				B693470E25EB711500B40CA7 /* observing */,
				B69346E025EB704C00B40CA7 /* observing.h */,
				B69346E125EB704C00B40CA7 /* Info.plist */,
			);
			path = observing;
			sourceTree = "<group>";
		};
		B693470E25EB711500B40CA7 /* observing */ = {
			isa = PBXGroup;
			children = (
				B6E93CB62AB584F100AD5C50 /* yas_observing_caller_index.cpp */,
				B6E93CB52AB584F100AD5C50 /* yas_observing_caller_index.hpp */,
				B693471425EB711500B40CA7 /* yas_observing_caller_private.h */,
				B693471025EB711500B40CA7 /* yas_observing_caller.h */,
				B693471B25EB711500B40CA7 /* yas_observing_cancellable.h */,
				B693471D25EB711500B40CA7 /* yas_observing_canceller_pool.cpp */,
				B693471925EB711500B40CA7 /* yas_observing_canceller_pool.h */,
				B693471225EB711500B40CA7 /* yas_observing_canceller.cpp */,
				B693470F25EB711500B40CA7 /* yas_observing_canceller.h */,
				B6E139D6261879BE00E7B416 /* yas_observing_endable.cpp */,
				B6E139D7261879BE00E7B416 /* yas_observing_endable.h */,
				B693471825EB711500B40CA7 /* yas_observing_fetcher_private.h */,
				B693471E25EB711500B40CA7 /* yas_observing_fetcher.h */,
				B693471125EB711500B40CA7 /* yas_observing_map_holder_private.h */,
				B693471C25EB711500B40CA7 /* yas_observing_map_holder.h */,
				B693472025EB711500B40CA7 /* yas_observing_notifier_private.h */,
				B693471625EB711500B40CA7 /* yas_observing_notifier.h */,
				B6BB65592610845B003FB755 /* yas_observing_syncable.cpp */,
				B6BB655A2610845B003FB755 /* yas_observing_syncable.h */,
				B693471A25EB711500B40CA7 /* yas_observing_umbrella.hpp */,
				B693471725EB711500B40CA7 /* yas_observing_value_holder_private.h */,
				B693471325EB711500B40CA7 /* yas_observing_value_holder.h */,
				B693471F25EB711500B40CA7 /* yas_observing_vector_holder_private.h */,
				B693471525EB711500B40CA7 /* yas_observing_vector_holder.h */,
			);
			name = observing;
			path = ../../observing;
			sourceTree = "<group>";
		};
		B6EF9C3126197CE2000FC8F2 /* Frameworks */ = {
			isa = PBXGroup;
			children = (
				B6EF9C3226197CE2000FC8F2 /* cpp_utils.framework */,
			);
			name = Frameworks;
			sourceTree = "<group>";
		};
/* End PBXGroup section */

/* Begin PBXHeadersBuildPhase section */
		B69346D825EB704C00B40CA7 /* Headers */ = {
			isa = PBXHeadersBuildPhase;
			buildActionMask = 2147483647;
			files = (
				B6E93CB72AB584F100AD5C50 /* yas_observing_caller_index.hpp in Headers */,
				B693472825EB711500B40CA7 /* yas_observing_notifier.h in Headers */,
				B693472B25EB711500B40CA7 /* yas_observing_canceller_pool.h in Headers */,
				B693472925EB711500B40CA7 /* yas_observing_value_holder_private.h in Headers */,
				B693472A25EB711500B40CA7 /* yas_observing_fetcher_private.h in Headers */,
				B693472C25EB711500B40CA7 /* yas_observing_umbrella.hpp in Headers */,
				B693472125EB711500B40CA7 /* yas_observing_canceller.h in Headers */,
				B693473025EB711500B40CA7 /* yas_observing_fetcher.h in Headers */,
				B693472625EB711500B40CA7 /* yas_observing_caller_private.h in Headers */,
				B693472525EB711500B40CA7 /* yas_observing_value_holder.h in Headers */,
				B6BB655C2610845B003FB755 /* yas_observing_syncable.h in Headers */,
				B6E139D9261879BE00E7B416 /* yas_observing_endable.h in Headers */,
				B693472225EB711500B40CA7 /* yas_observing_caller.h in Headers */,
				B693473225EB711500B40CA7 /* yas_observing_notifier_private.h in Headers */,
				B693472E25EB711500B40CA7 /* yas_observing_map_holder.h in Headers */,
				B693472725EB711500B40CA7 /* yas_observing_vector_holder.h in Headers */,
				B693472325EB711500B40CA7 /* yas_observing_map_holder_private.h in Headers */,
				B693472D25EB711500B40CA7 /* yas_observing_cancellable.h in Headers */,
				B693473125EB711500B40CA7 /* yas_observing_vector_holder_private.h in Headers */,
				B69346E225EB704C00B40CA7 /* observing.h in Headers */,
			);
			runOnlyForDeploymentPostprocessing = 0;
		};
/* End PBXHeadersBuildPhase section */

/* Begin PBXNativeTarget section */
		B69346DC25EB704C00B40CA7 /* observing */ = {
			isa = PBXNativeTarget;
			buildConfigurationList = B69346E525EB704C00B40CA7 /* Build configuration list for PBXNativeTarget "observing" */;
			buildPhases = (
				B69346D825EB704C00B40CA7 /* Headers */,
				B69346D925EB704C00B40CA7 /* Sources */,
				B69346DA25EB704C00B40CA7 /* Frameworks */,
				B69346DB25EB704C00B40CA7 /* Resources */,
			);
			buildRules = (
			);
			dependencies = (
			);
			name = observing;
			productName = observing;
			productReference = B69346DD25EB704C00B40CA7 /* observing.framework */;
			productType = "com.apple.product-type.framework";
		};
/* End PBXNativeTarget section */

/* Begin PBXProject section */
		B69346B425EB6B3100B40CA7 /* Project object */ = {
			isa = PBXProject;
			attributes = {
				LastUpgradeCheck = 1400;
				TargetAttributes = {
					B69346DC25EB704C00B40CA7 = {
						CreatedOnToolsVersion = 12.3;
					};
				};
			};
			buildConfigurationList = B69346B725EB6B3100B40CA7 /* Build configuration list for PBXProject "observing_ios" */;
			compatibilityVersion = "Xcode 9.3";
			developmentRegion = en;
			hasScannedForEncodings = 0;
			knownRegions = (
				en,
				Base,
			);
			mainGroup = B69346B325EB6B3100B40CA7;
			productRefGroup = B69346DE25EB704C00B40CA7 /* Products */;
			projectDirPath = "";
			projectRoot = "";
			targets = (
				B69346DC25EB704C00B40CA7 /* observing */,
			);
		};
/* End PBXProject section */

/* Begin PBXResourcesBuildPhase section */
		B69346DB25EB704C00B40CA7 /* Resources */ = {
			isa = PBXResourcesBuildPhase;
			buildActionMask = 2147483647;
			files = (
			);
			runOnlyForDeploymentPostprocessing = 0;
		};
/* End PBXResourcesBuildPhase section */

/* Begin PBXSourcesBuildPhase section */
		B69346D925EB704C00B40CA7 /* Sources */ = {
			isa = PBXSourcesBuildPhase;
			buildActionMask = 2147483647;
			files = (
				B6E93CB82AB584F100AD5C50 /* yas_observing_caller_index.cpp in Sources */,
				B693472F25EB711500B40CA7 /* yas_observing_canceller_pool.cpp in Sources */,
				B6BB655B2610845B003FB755 /* yas_observing_syncable.cpp in Sources */,
				B693472425EB711500B40CA7 /* yas_observing_canceller.cpp in Sources */,
				B6E139D8261879BE00E7B416 /* yas_observing_endable.cpp in Sources */,
			);
			runOnlyForDeploymentPostprocessing = 0;
		};
/* End PBXSourcesBuildPhase section */

/* Begin XCBuildConfiguration section */
		B69346B825EB6B3100B40CA7 /* Debug */ = {
			isa = XCBuildConfiguration;
			buildSettings = {
				CLANG_WARN_BLOCK_CAPTURE_AUTORELEASING = YES;
				CLANG_WARN_BOOL_CONVERSION = YES;
				CLANG_WARN_COMMA = YES;
				CLANG_WARN_CONSTANT_CONVERSION = YES;
				CLANG_WARN_DEPRECATED_OBJC_IMPLEMENTATIONS = YES;
				CLANG_WARN_EMPTY_BODY = YES;
				CLANG_WARN_ENUM_CONVERSION = YES;
				CLANG_WARN_INFINITE_RECURSION = YES;
				CLANG_WARN_INT_CONVERSION = YES;
				CLANG_WARN_NON_LITERAL_NULL_CONVERSION = YES;
				CLANG_WARN_OBJC_IMPLICIT_RETAIN_SELF = YES;
				CLANG_WARN_OBJC_LITERAL_CONVERSION = YES;
				CLANG_WARN_QUOTED_INCLUDE_IN_FRAMEWORK_HEADER = YES;
				CLANG_WARN_RANGE_LOOP_ANALYSIS = YES;
				CLANG_WARN_STRICT_PROTOTYPES = YES;
				CLANG_WARN_SUSPICIOUS_MOVE = YES;
				CLANG_WARN_UNREACHABLE_CODE = YES;
				CLANG_WARN__DUPLICATE_METHOD_MATCH = YES;
				DEAD_CODE_STRIPPING = YES;
				ENABLE_STRICT_OBJC_MSGSEND = YES;
				ENABLE_TESTABILITY = YES;
				GCC_NO_COMMON_BLOCKS = YES;
				GCC_WARN_64_TO_32_BIT_CONVERSION = YES;
				GCC_WARN_ABOUT_RETURN_TYPE = YES;
				GCC_WARN_UNDECLARED_SELECTOR = YES;
				GCC_WARN_UNINITIALIZED_AUTOS = YES;
				GCC_WARN_UNUSED_FUNCTION = YES;
				GCC_WARN_UNUSED_VARIABLE = YES;
				ONLY_ACTIVE_ARCH = YES;
			};
			name = Debug;
		};
		B69346B925EB6B3100B40CA7 /* Release */ = {
			isa = XCBuildConfiguration;
			buildSettings = {
				CLANG_WARN_BLOCK_CAPTURE_AUTORELEASING = YES;
				CLANG_WARN_BOOL_CONVERSION = YES;
				CLANG_WARN_COMMA = YES;
				CLANG_WARN_CONSTANT_CONVERSION = YES;
				CLANG_WARN_DEPRECATED_OBJC_IMPLEMENTATIONS = YES;
				CLANG_WARN_EMPTY_BODY = YES;
				CLANG_WARN_ENUM_CONVERSION = YES;
				CLANG_WARN_INFINITE_RECURSION = YES;
				CLANG_WARN_INT_CONVERSION = YES;
				CLANG_WARN_NON_LITERAL_NULL_CONVERSION = YES;
				CLANG_WARN_OBJC_IMPLICIT_RETAIN_SELF = YES;
				CLANG_WARN_OBJC_LITERAL_CONVERSION = YES;
				CLANG_WARN_QUOTED_INCLUDE_IN_FRAMEWORK_HEADER = YES;
				CLANG_WARN_RANGE_LOOP_ANALYSIS = YES;
				CLANG_WARN_STRICT_PROTOTYPES = YES;
				CLANG_WARN_SUSPICIOUS_MOVE = YES;
				CLANG_WARN_UNREACHABLE_CODE = YES;
				CLANG_WARN__DUPLICATE_METHOD_MATCH = YES;
				DEAD_CODE_STRIPPING = YES;
				ENABLE_STRICT_OBJC_MSGSEND = YES;
				GCC_NO_COMMON_BLOCKS = YES;
				GCC_WARN_64_TO_32_BIT_CONVERSION = YES;
				GCC_WARN_ABOUT_RETURN_TYPE = YES;
				GCC_WARN_UNDECLARED_SELECTOR = YES;
				GCC_WARN_UNINITIALIZED_AUTOS = YES;
				GCC_WARN_UNUSED_FUNCTION = YES;
				GCC_WARN_UNUSED_VARIABLE = YES;
			};
			name = Release;
		};
		B69346E325EB704C00B40CA7 /* Debug */ = {
			isa = XCBuildConfiguration;
			buildSettings = {
				ALWAYS_SEARCH_USER_PATHS = NO;
				CLANG_ANALYZER_NONNULL = YES;
				CLANG_ANALYZER_NUMBER_OBJECT_CONVERSION = YES_AGGRESSIVE;
				CLANG_CXX_LANGUAGE_STANDARD = "gnu++20";
				CLANG_CXX_LIBRARY = "libc++";
				CLANG_ENABLE_MODULES = YES;
				CLANG_ENABLE_OBJC_ARC = YES;
				CLANG_ENABLE_OBJC_WEAK = YES;
				CLANG_WARN_BLOCK_CAPTURE_AUTORELEASING = YES;
				CLANG_WARN_BOOL_CONVERSION = YES;
				CLANG_WARN_COMMA = YES;
				CLANG_WARN_CONSTANT_CONVERSION = YES;
				CLANG_WARN_DEPRECATED_OBJC_IMPLEMENTATIONS = YES;
				CLANG_WARN_DIRECT_OBJC_ISA_USAGE = YES_ERROR;
				CLANG_WARN_DOCUMENTATION_COMMENTS = YES;
				CLANG_WARN_EMPTY_BODY = YES;
				CLANG_WARN_ENUM_CONVERSION = YES;
				CLANG_WARN_INFINITE_RECURSION = YES;
				CLANG_WARN_INT_CONVERSION = YES;
				CLANG_WARN_NON_LITERAL_NULL_CONVERSION = YES;
				CLANG_WARN_OBJC_IMPLICIT_RETAIN_SELF = YES;
				CLANG_WARN_OBJC_LITERAL_CONVERSION = YES;
				CLANG_WARN_OBJC_ROOT_CLASS = YES_ERROR;
				CLANG_WARN_QUOTED_INCLUDE_IN_FRAMEWORK_HEADER = YES;
				CLANG_WARN_RANGE_LOOP_ANALYSIS = YES;
				CLANG_WARN_STRICT_PROTOTYPES = YES;
				CLANG_WARN_SUSPICIOUS_MOVE = YES;
				CLANG_WARN_UNGUARDED_AVAILABILITY = YES_AGGRESSIVE;
				CLANG_WARN_UNREACHABLE_CODE = YES;
				CLANG_WARN__DUPLICATE_METHOD_MATCH = YES;
				CODE_SIGN_STYLE = Manual;
				COPY_PHASE_STRIP = NO;
				CURRENT_PROJECT_VERSION = 1;
				DEBUG_INFORMATION_FORMAT = dwarf;
				DEFINES_MODULE = YES;
				DEVELOPMENT_TEAM = "";
				DYLIB_COMPATIBILITY_VERSION = 1;
				DYLIB_CURRENT_VERSION = 1;
				DYLIB_INSTALL_NAME_BASE = "@rpath";
				ENABLE_STRICT_OBJC_MSGSEND = YES;
				ENABLE_TESTABILITY = YES;
				GCC_C_LANGUAGE_STANDARD = gnu11;
				GCC_DYNAMIC_NO_PIC = NO;
				GCC_NO_COMMON_BLOCKS = YES;
				GCC_OPTIMIZATION_LEVEL = 0;
				GCC_PREPROCESSOR_DEFINITIONS = (
					"DEBUG=1",
					"$(inherited)",
				);
				GCC_WARN_64_TO_32_BIT_CONVERSION = YES;
				GCC_WARN_ABOUT_RETURN_TYPE = YES_ERROR;
				GCC_WARN_UNDECLARED_SELECTOR = YES;
				GCC_WARN_UNINITIALIZED_AUTOS = YES_AGGRESSIVE;
				GCC_WARN_UNUSED_FUNCTION = YES;
				GCC_WARN_UNUSED_VARIABLE = YES;
				INFOPLIST_FILE = observing/Info.plist;
				INSTALL_PATH = "$(LOCAL_LIBRARY_DIR)/Frameworks";
				IPHONEOS_DEPLOYMENT_TARGET = 14.7;
				LD_RUNPATH_SEARCH_PATHS = (
					"$(inherited)",
					"@executable_path/Frameworks",
					"@loader_path/Frameworks",
				);
				MTL_ENABLE_DEBUG_INFO = INCLUDE_SOURCE;
				MTL_FAST_MATH = YES;
				ONLY_ACTIVE_ARCH = YES;
				PRODUCT_BUNDLE_IDENTIFIER = "jp.objective-audio.observing";
				PRODUCT_NAME = "$(TARGET_NAME:c99extidentifier)";
				PROVISIONING_PROFILE_SPECIFIER = "";
				"PROVISIONING_PROFILE_SPECIFIER[sdk=macosx*]" = "";
				SDKROOT = iphoneos;
				SKIP_INSTALL = YES;
				TARGETED_DEVICE_FAMILY = "1,2";
				VERSIONING_SYSTEM = "apple-generic";
				VERSION_INFO_PREFIX = "";
			};
			name = Debug;
		};
		B69346E425EB704C00B40CA7 /* Release */ = {
			isa = XCBuildConfiguration;
			buildSettings = {
				ALWAYS_SEARCH_USER_PATHS = NO;
				CLANG_ANALYZER_NONNULL = YES;
				CLANG_ANALYZER_NUMBER_OBJECT_CONVERSION = YES_AGGRESSIVE;
				CLANG_CXX_LANGUAGE_STANDARD = "gnu++20";
				CLANG_CXX_LIBRARY = "libc++";
				CLANG_ENABLE_MODULES = YES;
				CLANG_ENABLE_OBJC_ARC = YES;
				CLANG_ENABLE_OBJC_WEAK = YES;
				CLANG_WARN_BLOCK_CAPTURE_AUTORELEASING = YES;
				CLANG_WARN_BOOL_CONVERSION = YES;
				CLANG_WARN_COMMA = YES;
				CLANG_WARN_CONSTANT_CONVERSION = YES;
				CLANG_WARN_DEPRECATED_OBJC_IMPLEMENTATIONS = YES;
				CLANG_WARN_DIRECT_OBJC_ISA_USAGE = YES_ERROR;
				CLANG_WARN_DOCUMENTATION_COMMENTS = YES;
				CLANG_WARN_EMPTY_BODY = YES;
				CLANG_WARN_ENUM_CONVERSION = YES;
				CLANG_WARN_INFINITE_RECURSION = YES;
				CLANG_WARN_INT_CONVERSION = YES;
				CLANG_WARN_NON_LITERAL_NULL_CONVERSION = YES;
				CLANG_WARN_OBJC_IMPLICIT_RETAIN_SELF = YES;
				CLANG_WARN_OBJC_LITERAL_CONVERSION = YES;
				CLANG_WARN_OBJC_ROOT_CLASS = YES_ERROR;
				CLANG_WARN_QUOTED_INCLUDE_IN_FRAMEWORK_HEADER = YES;
				CLANG_WARN_RANGE_LOOP_ANALYSIS = YES;
				CLANG_WARN_STRICT_PROTOTYPES = YES;
				CLANG_WARN_SUSPICIOUS_MOVE = YES;
				CLANG_WARN_UNGUARDED_AVAILABILITY = YES_AGGRESSIVE;
				CLANG_WARN_UNREACHABLE_CODE = YES;
				CLANG_WARN__DUPLICATE_METHOD_MATCH = YES;
				CODE_SIGN_STYLE = Manual;
				COPY_PHASE_STRIP = NO;
				CURRENT_PROJECT_VERSION = 1;
				DEBUG_INFORMATION_FORMAT = "dwarf-with-dsym";
				DEFINES_MODULE = YES;
				DEVELOPMENT_TEAM = "";
				DYLIB_COMPATIBILITY_VERSION = 1;
				DYLIB_CURRENT_VERSION = 1;
				DYLIB_INSTALL_NAME_BASE = "@rpath";
				ENABLE_NS_ASSERTIONS = NO;
				ENABLE_STRICT_OBJC_MSGSEND = YES;
				GCC_C_LANGUAGE_STANDARD = gnu11;
				GCC_NO_COMMON_BLOCKS = YES;
				GCC_WARN_64_TO_32_BIT_CONVERSION = YES;
				GCC_WARN_ABOUT_RETURN_TYPE = YES_ERROR;
				GCC_WARN_UNDECLARED_SELECTOR = YES;
				GCC_WARN_UNINITIALIZED_AUTOS = YES_AGGRESSIVE;
				GCC_WARN_UNUSED_FUNCTION = YES;
				GCC_WARN_UNUSED_VARIABLE = YES;
				INFOPLIST_FILE = observing/Info.plist;
				INSTALL_PATH = "$(LOCAL_LIBRARY_DIR)/Frameworks";
				IPHONEOS_DEPLOYMENT_TARGET = 14.7;
				LD_RUNPATH_SEARCH_PATHS = (
					"$(inherited)",
					"@executable_path/Frameworks",
					"@loader_path/Frameworks",
				);
				MTL_ENABLE_DEBUG_INFO = NO;
				MTL_FAST_MATH = YES;
				PRODUCT_BUNDLE_IDENTIFIER = "jp.objective-audio.observing";
				PRODUCT_NAME = "$(TARGET_NAME:c99extidentifier)";
				PROVISIONING_PROFILE_SPECIFIER = "";
				"PROVISIONING_PROFILE_SPECIFIER[sdk=macosx*]" = "";
				SDKROOT = iphoneos;
				SKIP_INSTALL = YES;
				TARGETED_DEVICE_FAMILY = "1,2";
				VALIDATE_PRODUCT = YES;
				VERSIONING_SYSTEM = "apple-generic";
				VERSION_INFO_PREFIX = "";
			};
			name = Release;
		};
/* End XCBuildConfiguration section */

/* Begin XCConfigurationList section */
		B69346B725EB6B3100B40CA7 /* Build configuration list for PBXProject "observing_ios" */ = {
			isa = XCConfigurationList;
			buildConfigurations = (
				B69346B825EB6B3100B40CA7 /* Debug */,
				B69346B925EB6B3100B40CA7 /* Release */,
			);
			defaultConfigurationIsVisible = 0;
			defaultConfigurationName = Release;
		};
		B69346E525EB704C00B40CA7 /* Build configuration list for PBXNativeTarget "observing" */ = {
			isa = XCConfigurationList;
			buildConfigurations = (
				B69346E325EB704C00B40CA7 /* Debug */,
				B69346E425EB704C00B40CA7 /* Release */,
			);
			defaultConfigurationIsVisible = 0;
			defaultConfigurationName = Release;
		};
/* End XCConfigurationList section */
	};
	rootObject = B69346B425EB6B3100B40CA7 /* Project object */;
}
