// !$*UTF8*$!
{
	archiveVersion = 1;
	classes = {
	};
	objectVersion = 50;
	objects = {

/* Begin PBXGroup section */
		B69346AC25EB6B0E00B40CA7 = {
			isa = PBXGroup;
			children = (
			);
			sourceTree = "<group>";
		};
/* End PBXGroup section */

/* Begin PBXProject section */
		B69346AD25EB6B0E00B40CA7 /* Project object */ = {
			isa = PBXProject;
			attributes = {
				LastUpgradeCheck = 1230;
			};
			buildConfigurationList = B69346B025EB6B0E00B40CA7 /* Build configuration list for PBXProject "observing_mac" */;
			compatibilityVersion = "Xcode 9.3";
			developmentRegion = en;
			hasScannedForEncodings = 0;
			knownRegions = (
				en,
				Base,
			);
			mainGroup = B69346AC25EB6B0E00B40CA7;
			projectDirPath = "";
			projectRoot = "";
			targets = (
			);
		};
/* End PBXProject section */

/* Begin XCBuildConfiguration section */
		B69346B125EB6B0E00B40CA7 /* Debug */ = {
			isa = XCBuildConfiguration;
			buildSettings = {
			};
			name = Debug;
		};
		B69346B225EB6B0E00B40CA7 /* Release */ = {
			isa = XCBuildConfiguration;
			buildSettings = {
			};
			name = Release;
		};
/* End XCBuildConfiguration section */

/* Begin XCConfigurationList section */
		B69346B025EB6B0E00B40CA7 /* Build configuration list for PBXProject "observing_mac" */ = {
			isa = XCConfigurationList;
			buildConfigurations = (
				B69346B125EB6B0E00B40CA7 /* Debug */,
				B69346B225EB6B0E00B40CA7 /* Release */,
			);
			defaultConfigurationIsVisible = 0;
			defaultConfigurationName = Release;
		};
/* End XCConfigurationList section */
	};
	rootObject = B69346AD25EB6B0E00B40CA7 /* Project object */;
}
